
Microsoft Visual Studio Solution File, Format Version 12.00
# Visual Studio Version 16
VisualStudioVersion = 16.0.30804.86
MinimumVisualStudioVersion = 10.0.40219.1
Project("{FAE04EC0-301F-11D3-BF4B-00C04F79EFBC}") = "Site", "src\Site\Site.csproj", "{81F140B8-6144-49D7-90AD-B00D6DFF7B01}"
EndProject
Global
	GlobalSection(SolutionConfigurationPlatforms) = preSolution
		Debug|Any CPU = Debug|Any CPU
		Release|Any CPU = Release|Any CPU
	EndGlobalSection
	GlobalSection(ProjectConfigurationPlatforms) = postSolution
		{81F140B8-6144-49D7-90AD-B00D6DFF7B01}.Debug|Any CPU.ActiveCfg = Debug|Any CPU
		{81F140B8-6144-49D7-90AD-B00D6DFF7B01}.Debug|Any CPU.Build.0 = Debug|Any CPU
		{81F140B8-6144-49D7-90AD-B00D6DFF7B01}.Release|Any CPU.ActiveCfg = Release|Any CPU
		{81F140B8-6144-49D7-90AD-B00D6DFF7B01}.Release|Any CPU.Build.0 = Release|Any CPU
	EndGlobalSection
	GlobalSection(SolutionProperties) = preSolution
		HideSolutionNode = FALSE
	EndGlobalSection
	GlobalSection(ExtensibilityGlobals) = postSolution
		SolutionGuid = {6EC3604D-516C-4F78-831F-DD729324DA44}
	EndGlobalSection
EndGlobal
